// !$*UTF8*$!
{
	archiveVersion = 1;
	classes = {
	};
	objectVersion = 46;
	objects = {

/* Begin PBXBuildFile section */
		0DC24F321905FA8B00C67D91 /* play1.png in Resources */ = {isa = PBXBuildFile; fileRef = 0DC24F311905FA8B00C67D91 /* play1.png */; };
		0DC24F341905FA9200C67D91 /* stop.png in Resources */ = {isa = PBXBuildFile; fileRef = 0DC24F331905FA9200C67D91 /* stop.png */; };
		0DFF3AD918F6314D005E0326 /* Foundation.framework in Frameworks */ = {isa = PBXBuildFile; fileRef = 0DFF3AD818F6314D005E0326 /* Foundation.framework */; };
		0DFF3ADB18F6314D005E0326 /* CoreGraphics.framework in Frameworks */ = {isa = PBXBuildFile; fileRef = 0DFF3ADA18F6314D005E0326 /* CoreGraphics.framework */; };
		0DFF3ADD18F6314D005E0326 /* UIKit.framework in Frameworks */ = {isa = PBXBuildFile; fileRef = 0DFF3ADC18F6314D005E0326 /* UIKit.framework */; };
		0DFF3AE318F6314D005E0326 /* InfoPlist.strings in Resources */ = {isa = PBXBuildFile; fileRef = 0DFF3AE118F6314D005E0326 /* InfoPlist.strings */; };
		0DFF3AE518F6314D005E0326 /* main.m in Sources */ = {isa = PBXBuildFile; fileRef = 0DFF3AE418F6314D005E0326 /* main.m */; };
		0DFF3AE918F6314D005E0326 /* EmisoraAppDelegate.m in Sources */ = {isa = PBXBuildFile; fileRef = 0DFF3AE818F6314D005E0326 /* EmisoraAppDelegate.m */; };
		0DFF3AEC18F6314D005E0326 /* Main.storyboard in Resources */ = {isa = PBXBuildFile; fileRef = 0DFF3AEA18F6314D005E0326 /* Main.storyboard */; };
		0DFF3AEF18F6314D005E0326 /* EmisoraViewController.m in Sources */ = {isa = PBXBuildFile; fileRef = 0DFF3AEE18F6314D005E0326 /* EmisoraViewController.m */; };
		0DFF3AF118F6314D005E0326 /* Images.xcassets in Resources */ = {isa = PBXBuildFile; fileRef = 0DFF3AF018F6314D005E0326 /* Images.xcassets */; };
		0DFF3AF818F6314D005E0326 /* XCTest.framework in Frameworks */ = {isa = PBXBuildFile; fileRef = 0DFF3AF718F6314D005E0326 /* XCTest.framework */; };
		0DFF3AF918F6314D005E0326 /* Foundation.framework in Frameworks */ = {isa = PBXBuildFile; fileRef = 0DFF3AD818F6314D005E0326 /* Foundation.framework */; };
		0DFF3AFA18F6314D005E0326 /* UIKit.framework in Frameworks */ = {isa = PBXBuildFile; fileRef = 0DFF3ADC18F6314D005E0326 /* UIKit.framework */; };
		0DFF3B0218F6314E005E0326 /* InfoPlist.strings in Resources */ = {isa = PBXBuildFile; fileRef = 0DFF3B0018F6314E005E0326 /* InfoPlist.strings */; };
		0DFF3B0418F6314E005E0326 /* april_9Tests.m in Sources */ = {isa = PBXBuildFile; fileRef = 0DFF3B0318F6314E005E0326 /* april_9Tests.m */; };
		1294F65318FCD97C0049770B /* AVFoundation.framework in Frameworks */ = {isa = PBXBuildFile; fileRef = 1294F65218FCD97C0049770B /* AVFoundation.framework */; };
		1294F65518FCFAA30049770B /* 150511.gif in Resources */ = {isa = PBXBuildFile; fileRef = 1294F65418FCFAA30049770B /* 150511.gif */; };
/* End PBXBuildFile section */

/* Begin PBXContainerItemProxy section */
		0DFF3AFB18F6314D005E0326 /* PBXContainerItemProxy */ = {
			isa = PBXContainerItemProxy;
			containerPortal = 0DFF3ACD18F6314C005E0326 /* Project object */;
			proxyType = 1;
			remoteGlobalIDString = 0DFF3AD418F6314D005E0326;
			remoteInfo = "april 9";
		};
/* End PBXContainerItemProxy section */

/* Begin PBXFileReference section */
		0DC24F311905FA8B00C67D91 /* play1.png */ = {isa = PBXFileReference; lastKnownFileType = image.png; name = play1.png; path = ../../../../Users/webstudent/Desktop/play1.png; sourceTree = "<group>"; };
		0DC24F331905FA9200C67D91 /* stop.png */ = {isa = PBXFileReference; lastKnownFileType = image.png; name = stop.png; path = ../../../../Users/webstudent/Desktop/stop.png; sourceTree = "<group>"; };
		0DFF3AD518F6314D005E0326 /* april 9.app */ = {isa = PBXFileReference; explicitFileType = wrapper.application; includeInIndex = 0; path = "april 9.app"; sourceTree = BUILT_PRODUCTS_DIR; };
		0DFF3AD818F6314D005E0326 /* Foundation.framework */ = {isa = PBXFileReference; lastKnownFileType = wrapper.framework; name = Foundation.framework; path = System/Library/Frameworks/Foundation.framework; sourceTree = SDKROOT; };
		0DFF3ADA18F6314D005E0326 /* CoreGraphics.framework */ = {isa = PBXFileReference; lastKnownFileType = wrapper.framework; name = CoreGraphics.framework; path = System/Library/Frameworks/CoreGraphics.framework; sourceTree = SDKROOT; };
		0DFF3ADC18F6314D005E0326 /* UIKit.framework */ = {isa = PBXFileReference; lastKnownFileType = wrapper.framework; name = UIKit.framework; path = System/Library/Frameworks/UIKit.framework; sourceTree = SDKROOT; };
		0DFF3AE018F6314D005E0326 /* april 9-Info.plist */ = {isa = PBXFileReference; lastKnownFileType = text.plist.xml; path = "april 9-Info.plist"; sourceTree = "<group>"; };
		0DFF3AE218F6314D005E0326 /* en */ = {isa = PBXFileReference; lastKnownFileType = text.plist.strings; name = en; path = en.lproj/InfoPlist.strings; sourceTree = "<group>"; };
		0DFF3AE418F6314D005E0326 /* main.m */ = {isa = PBXFileReference; lastKnownFileType = sourcecode.c.objc; path = main.m; sourceTree = "<group>"; };
		0DFF3AE618F6314D005E0326 /* april 9-Prefix.pch */ = {isa = PBXFileReference; lastKnownFileType = sourcecode.c.h; path = "april 9-Prefix.pch"; sourceTree = "<group>"; };
		0DFF3AE718F6314D005E0326 /* EmisoraAppDelegate.h */ = {isa = PBXFileReference; lastKnownFileType = sourcecode.c.h; path = EmisoraAppDelegate.h; sourceTree = "<group>"; };
		0DFF3AE818F6314D005E0326 /* EmisoraAppDelegate.m */ = {isa = PBXFileReference; lastKnownFileType = sourcecode.c.objc; path = EmisoraAppDelegate.m; sourceTree = "<group>"; };
		0DFF3AEB18F6314D005E0326 /* Base */ = {isa = PBXFileReference; lastKnownFileType = file.storyboard; name = Base; path = Base.lproj/Main.storyboard; sourceTree = "<group>"; };
		0DFF3AED18F6314D005E0326 /* EmisoraViewController.h */ = {isa = PBXFileReference; lastKnownFileType = sourcecode.c.h; path = EmisoraViewController.h; sourceTree = "<group>"; };
		0DFF3AEE18F6314D005E0326 /* EmisoraViewController.m */ = {isa = PBXFileReference; lastKnownFileType = sourcecode.c.objc; path = EmisoraViewController.m; sourceTree = "<group>"; };
		0DFF3AF018F6314D005E0326 /* Images.xcassets */ = {isa = PBXFileReference; lastKnownFileType = folder.assetcatalog; path = Images.xcassets; sourceTree = "<group>"; };
		0DFF3AF618F6314D005E0326 /* april 9Tests.xctest */ = {isa = PBXFileReference; explicitFileType = wrapper.cfbundle; includeInIndex = 0; path = "april 9Tests.xctest"; sourceTree = BUILT_PRODUCTS_DIR; };
		0DFF3AF718F6314D005E0326 /* XCTest.framework */ = {isa = PBXFileReference; lastKnownFileType = wrapper.framework; name = XCTest.framework; path = Library/Frameworks/XCTest.framework; sourceTree = DEVELOPER_DIR; };
		0DFF3AFF18F6314E005E0326 /* april 9Tests-Info.plist */ = {isa = PBXFileReference; lastKnownFileType = text.plist.xml; path = "april 9Tests-Info.plist"; sourceTree = "<group>"; };
		0DFF3B0118F6314E005E0326 /* en */ = {isa = PBXFileReference; lastKnownFileType = text.plist.strings; name = en; path = en.lproj/InfoPlist.strings; sourceTree = "<group>"; };
		0DFF3B0318F6314E005E0326 /* april_9Tests.m */ = {isa = PBXFileReference; lastKnownFileType = sourcecode.c.objc; path = april_9Tests.m; sourceTree = "<group>"; };
		1294F65218FCD97C0049770B /* AVFoundation.framework */ = {isa = PBXFileReference; lastKnownFileType = wrapper.framework; name = AVFoundation.framework; path = System/Library/Frameworks/AVFoundation.framework; sourceTree = SDKROOT; };
		1294F65418FCFAA30049770B /* 150511.gif */ = {isa = PBXFileReference; lastKnownFileType = image.gif; path = 150511.gif; sourceTree = "<group>"; };
/* End PBXFileReference section */

/* Begin PBXFrameworksBuildPhase section */
		0DFF3AD218F6314D005E0326 /* Frameworks */ = {
			isa = PBXFrameworksBuildPhase;
			buildActionMask = 2147483647;
			files = (
				1294F65318FCD97C0049770B /* AVFoundation.framework in Frameworks */,
				0DFF3ADB18F6314D005E0326 /* CoreGraphics.framework in Frameworks */,
				0DFF3ADD18F6314D005E0326 /* UIKit.framework in Frameworks */,
				0DFF3AD918F6314D005E0326 /* Foundation.framework in Frameworks */,
			);
			runOnlyForDeploymentPostprocessing = 0;
		};
		0DFF3AF318F6314D005E0326 /* Frameworks */ = {
			isa = PBXFrameworksBuildPhase;
			buildActionMask = 2147483647;
			files = (
				0DFF3AF818F6314D005E0326 /* XCTest.framework in Frameworks */,
				0DFF3AFA18F6314D005E0326 /* UIKit.framework in Frameworks */,
				0DFF3AF918F6314D005E0326 /* Foundation.framework in Frameworks */,
			);
			runOnlyForDeploymentPostprocessing = 0;
		};
/* End PBXFrameworksBuildPhase section */

/* Begin PBXGroup section */
		0DFF3ACC18F6314C005E0326 = {
			isa = PBXGroup;
			children = (
				0DFF3ADE18F6314D005E0326 /* april 9 */,
				0DFF3AFD18F6314D005E0326 /* april 9Tests */,
				0DFF3AD718F6314D005E0326 /* Frameworks */,
				0DFF3AD618F6314D005E0326 /* Products */,
			);
			sourceTree = "<group>";
		};
		0DFF3AD618F6314D005E0326 /* Products */ = {
			isa = PBXGroup;
			children = (
				0DFF3AD518F6314D005E0326 /* april 9.app */,
				0DFF3AF618F6314D005E0326 /* april 9Tests.xctest */,
			);
			name = Products;
			sourceTree = "<group>";
		};
		0DFF3AD718F6314D005E0326 /* Frameworks */ = {
			isa = PBXGroup;
			children = (
				1294F65218FCD97C0049770B /* AVFoundation.framework */,
				0DFF3AD818F6314D005E0326 /* Foundation.framework */,
				0DFF3ADA18F6314D005E0326 /* CoreGraphics.framework */,
				0DFF3ADC18F6314D005E0326 /* UIKit.framework */,
				0DFF3AF718F6314D005E0326 /* XCTest.framework */,
			);
			name = Frameworks;
			sourceTree = "<group>";
		};
		0DFF3ADE18F6314D005E0326 /* april 9 */ = {
			isa = PBXGroup;
			children = (
				1294F65418FCFAA30049770B /* 150511.gif */,
				0DC24F311905FA8B00C67D91 /* play1.png */,
				0DC24F331905FA9200C67D91 /* stop.png */,
				0DFF3AE718F6314D005E0326 /* EmisoraAppDelegate.h */,
				0DFF3AE818F6314D005E0326 /* EmisoraAppDelegate.m */,
				0DFF3AEA18F6314D005E0326 /* Main.storyboard */,
				0DFF3AED18F6314D005E0326 /* EmisoraViewController.h */,
				0DFF3AEE18F6314D005E0326 /* EmisoraViewController.m */,
				0DFF3AF018F6314D005E0326 /* Images.xcassets */,
				0DFF3ADF18F6314D005E0326 /* Supporting Files */,
			);
			path = "april 9";
			sourceTree = "<group>";
		};
		0DFF3ADF18F6314D005E0326 /* Supporting Files */ = {
			isa = PBXGroup;
			children = (
				0DFF3AE018F6314D005E0326 /* april 9-Info.plist */,
				0DFF3AE118F6314D005E0326 /* InfoPlist.strings */,
				0DFF3AE418F6314D005E0326 /* main.m */,
				0DFF3AE618F6314D005E0326 /* april 9-Prefix.pch */,
			);
			name = "Supporting Files";
			sourceTree = "<group>";
		};
		0DFF3AFD18F6314D005E0326 /* april 9Tests */ = {
			isa = PBXGroup;
			children = (
				0DFF3B0318F6314E005E0326 /* april_9Tests.m */,
				0DFF3AFE18F6314E005E0326 /* Supporting Files */,
			);
			path = "april 9Tests";
			sourceTree = "<group>";
		};
		0DFF3AFE18F6314E005E0326 /* Supporting Files */ = {
			isa = PBXGroup;
			children = (
				0DFF3AFF18F6314E005E0326 /* april 9Tests-Info.plist */,
				0DFF3B0018F6314E005E0326 /* InfoPlist.strings */,
			);
			name = "Supporting Files";
			sourceTree = "<group>";
		};
/* End PBXGroup section */

/* Begin PBXNativeTarget section */
		0DFF3AD418F6314D005E0326 /* april 9 */ = {
			isa = PBXNativeTarget;
			buildConfigurationList = 0DFF3B0718F6314E005E0326 /* Build configuration list for PBXNativeTarget "april 9" */;
			buildPhases = (
				0DFF3AD118F6314D005E0326 /* Sources */,
				0DFF3AD218F6314D005E0326 /* Frameworks */,
				0DFF3AD318F6314D005E0326 /* Resources */,
			);
			buildRules = (
			);
			dependencies = (
			);
			name = "april 9";
			productName = "april 9";
			productReference = 0DFF3AD518F6314D005E0326 /* april 9.app */;
			productType = "com.apple.product-type.application";
		};
		0DFF3AF518F6314D005E0326 /* april 9Tests */ = {
			isa = PBXNativeTarget;
			buildConfigurationList = 0DFF3B0A18F6314E005E0326 /* Build configuration list for PBXNativeTarget "april 9Tests" */;
			buildPhases = (
				0DFF3AF218F6314D005E0326 /* Sources */,
				0DFF3AF318F6314D005E0326 /* Frameworks */,
				0DFF3AF418F6314D005E0326 /* Resources */,
			);
			buildRules = (
			);
			dependencies = (
				0DFF3AFC18F6314D005E0326 /* PBXTargetDependency */,
			);
			name = "april 9Tests";
			productName = "april 9Tests";
			productReference = 0DFF3AF618F6314D005E0326 /* april 9Tests.xctest */;
			productType = "com.apple.product-type.bundle.unit-test";
		};
/* End PBXNativeTarget section */

/* Begin PBXProject section */
		0DFF3ACD18F6314C005E0326 /* Project object */ = {
			isa = PBXProject;
			attributes = {
				CLASSPREFIX = Emisora;
				LastUpgradeCheck = 0510;
				ORGANIZATIONNAME = "RVC Student";
				TargetAttributes = {
					0DFF3AD418F6314D005E0326 = {
						DevelopmentTeam = LAK6SGQ7Q5;
					};
					0DFF3AF518F6314D005E0326 = {
						TestTargetID = 0DFF3AD418F6314D005E0326;
					};
				};
			};
			buildConfigurationList = 0DFF3AD018F6314C005E0326 /* Build configuration list for PBXProject "april 9" */;
			compatibilityVersion = "Xcode 3.2";
			developmentRegion = English;
			hasScannedForEncodings = 0;
			knownRegions = (
				en,
				Base,
			);
			mainGroup = 0DFF3ACC18F6314C005E0326;
			productRefGroup = 0DFF3AD618F6314D005E0326 /* Products */;
			projectDirPath = "";
			projectRoot = "";
			targets = (
				0DFF3AD418F6314D005E0326 /* april 9 */,
				0DFF3AF518F6314D005E0326 /* april 9Tests */,
			);
		};
/* End PBXProject section */

/* Begin PBXResourcesBuildPhase section */
		0DFF3AD318F6314D005E0326 /* Resources */ = {
			isa = PBXResourcesBuildPhase;
			buildActionMask = 2147483647;
			files = (
				0DFF3AF118F6314D005E0326 /* Images.xcassets in Resources */,
				0DC24F321905FA8B00C67D91 /* play1.png in Resources */,
				0DFF3AE318F6314D005E0326 /* InfoPlist.strings in Resources */,
				0DFF3AEC18F6314D005E0326 /* Main.storyboard in Resources */,
				1294F65518FCFAA30049770B /* 150511.gif in Resources */,
				0DC24F341905FA9200C67D91 /* stop.png in Resources */,
			);
			runOnlyForDeploymentPostprocessing = 0;
		};
		0DFF3AF418F6314D005E0326 /* Resources */ = {
			isa = PBXResourcesBuildPhase;
			buildActionMask = 2147483647;
			files = (
				0DFF3B0218F6314E005E0326 /* InfoPlist.strings in Resources */,
			);
			runOnlyForDeploymentPostprocessing = 0;
		};
/* End PBXResourcesBuildPhase section */

/* Begin PBXSourcesBuildPhase section */
		0DFF3AD118F6314D005E0326 /* Sources */ = {
			isa = PBXSourcesBuildPhase;
			buildActionMask = 2147483647;
			files = (
				0DFF3AE518F6314D005E0326 /* main.m in Sources */,
				0DFF3AEF18F6314D005E0326 /* EmisoraViewController.m in Sources */,
				0DFF3AE918F6314D005E0326 /* EmisoraAppDelegate.m in Sources */,
			);
			runOnlyForDeploymentPostprocessing = 0;
		};
		0DFF3AF218F6314D005E0326 /* Sources */ = {
			isa = PBXSourcesBuildPhase;
			buildActionMask = 2147483647;
			files = (
				0DFF3B0418F6314E005E0326 /* april_9Tests.m in Sources */,
			);
			runOnlyForDeploymentPostprocessing = 0;
		};
/* End PBXSourcesBuildPhase section */

/* Begin PBXTargetDependency section */
		0DFF3AFC18F6314D005E0326 /* PBXTargetDependency */ = {
			isa = PBXTargetDependency;
			target = 0DFF3AD418F6314D005E0326 /* april 9 */;
			targetProxy = 0DFF3AFB18F6314D005E0326 /* PBXContainerItemProxy */;
		};
/* End PBXTargetDependency section */

/* Begin PBXVariantGroup section */
		0DFF3AE118F6314D005E0326 /* InfoPlist.strings */ = {
			isa = PBXVariantGroup;
			children = (
				0DFF3AE218F6314D005E0326 /* en */,
			);
			name = InfoPlist.strings;
			sourceTree = "<group>";
		};
		0DFF3AEA18F6314D005E0326 /* Main.storyboard */ = {
			isa = PBXVariantGroup;
			children = (
				0DFF3AEB18F6314D005E0326 /* Base */,
			);
			name = Main.storyboard;
			sourceTree = "<group>";
		};
		0DFF3B0018F6314E005E0326 /* InfoPlist.strings */ = {
			isa = PBXVariantGroup;
			children = (
				0DFF3B0118F6314E005E0326 /* en */,
			);
			name = InfoPlist.strings;
			sourceTree = "<group>";
		};
/* End PBXVariantGroup section */

/* Begin XCBuildConfiguration section */
		0DFF3B0518F6314E005E0326 /* Debug */ = {
			isa = XCBuildConfiguration;
			buildSettings = {
				ALWAYS_SEARCH_USER_PATHS = NO;
				CLANG_CXX_LANGUAGE_STANDARD = "gnu++0x";
				CLANG_CXX_LIBRARY = "libc++";
				CLANG_ENABLE_MODULES = YES;
				CLANG_ENABLE_OBJC_ARC = YES;
				CLANG_WARN_BOOL_CONVERSION = YES;
				CLANG_WARN_CONSTANT_CONVERSION = YES;
				CLANG_WARN_DIRECT_OBJC_ISA_USAGE = YES_ERROR;
				CLANG_WARN_EMPTY_BODY = YES;
				CLANG_WARN_ENUM_CONVERSION = YES;
				CLANG_WARN_INT_CONVERSION = YES;
				CLANG_WARN_OBJC_ROOT_CLASS = YES_ERROR;
				CLANG_WARN__DUPLICATE_METHOD_MATCH = YES;
				"CODE_SIGN_IDENTITY[sdk=iphoneos*]" = "iPhone Developer";
				COPY_PHASE_STRIP = NO;
				GCC_C_LANGUAGE_STANDARD = gnu99;
				GCC_DYNAMIC_NO_PIC = NO;
				GCC_OPTIMIZATION_LEVEL = 0;
				GCC_PREPROCESSOR_DEFINITIONS = (
					"DEBUG=1",
					"$(inherited)",
				);
				GCC_SYMBOLS_PRIVATE_EXTERN = NO;
				GCC_WARN_64_TO_32_BIT_CONVERSION = YES;
				GCC_WARN_ABOUT_RETURN_TYPE = YES_ERROR;
				GCC_WARN_UNDECLARED_SELECTOR = YES;
				GCC_WARN_UNINITIALIZED_AUTOS = YES_AGGRESSIVE;
				GCC_WARN_UNUSED_FUNCTION = YES;
				GCC_WARN_UNUSED_VARIABLE = YES;
				IPHONEOS_DEPLOYMENT_TARGET = 7.1;
				ONLY_ACTIVE_ARCH = YES;
				SDKROOT = iphoneos;
			};
			name = Debug;
		};
		0DFF3B0618F6314E005E0326 /* Release */ = {
			isa = XCBuildConfiguration;
			buildSettings = {
				ALWAYS_SEARCH_USER_PATHS = NO;
				CLANG_CXX_LANGUAGE_STANDARD = "gnu++0x";
				CLANG_CXX_LIBRARY = "libc++";
				CLANG_ENABLE_MODULES = YES;
				CLANG_ENABLE_OBJC_ARC = YES;
				CLANG_WARN_BOOL_CONVERSION = YES;
				CLANG_WARN_CONSTANT_CONVERSION = YES;
				CLANG_WARN_DIRECT_OBJC_ISA_USAGE = YES_ERROR;
				CLANG_WARN_EMPTY_BODY = YES;
				CLANG_WARN_ENUM_CONVERSION = YES;
				CLANG_WARN_INT_CONVERSION = YES;
				CLANG_WARN_OBJC_ROOT_CLASS = YES_ERROR;
				CLANG_WARN__DUPLICATE_METHOD_MATCH = YES;
				"CODE_SIGN_IDENTITY[sdk=iphoneos*]" = "iPhone Developer";
				COPY_PHASE_STRIP = YES;
				ENABLE_NS_ASSERTIONS = NO;
				GCC_C_LANGUAGE_STANDARD = gnu99;
				GCC_WARN_64_TO_32_BIT_CONVERSION = YES;
				GCC_WARN_ABOUT_RETURN_TYPE = YES_ERROR;
				GCC_WARN_UNDECLARED_SELECTOR = YES;
				GCC_WARN_UNINITIALIZED_AUTOS = YES_AGGRESSIVE;
				GCC_WARN_UNUSED_FUNCTION = YES;
				GCC_WARN_UNUSED_VARIABLE = YES;
				IPHONEOS_DEPLOYMENT_TARGET = 7.1;
				SDKROOT = iphoneos;
				VALIDATE_PRODUCT = YES;
			};
			name = Release;
		};
		0DFF3B0818F6314E005E0326 /* Debug */ = {
			isa = XCBuildConfiguration;
			buildSettings = {
				ASSETCATALOG_COMPILER_APPICON_NAME = AppIcon;
				ASSETCATALOG_COMPILER_LAUNCHIMAGE_NAME = LaunchImage;
				CODE_SIGN_IDENTITY = "iPhone Developer";
				"CODE_SIGN_IDENTITY[sdk=iphoneos*]" = "iPhone Developer";
				GCC_PRECOMPILE_PREFIX_HEADER = YES;
				GCC_PREFIX_HEADER = "april 9/april 9-Prefix.pch";
				INFOPLIST_FILE = "april 9/april 9-Info.plist";
				PRODUCT_NAME = "$(TARGET_NAME)";
				PROVISIONING_PROFILE = "A2328B7D-D6EA-4460-AB66-C00B145F6319";
				WRAPPER_EXTENSION = app;
			};
			name = Debug;
		};
		0DFF3B0918F6314E005E0326 /* Release */ = {
			isa = XCBuildConfiguration;
			buildSettings = {
				ASSETCATALOG_COMPILER_APPICON_NAME = AppIcon;
				ASSETCATALOG_COMPILER_LAUNCHIMAGE_NAME = LaunchImage;
				CODE_SIGN_IDENTITY = "iPhone Developer";
				"CODE_SIGN_IDENTITY[sdk=iphoneos*]" = "iPhone Developer";
				GCC_PRECOMPILE_PREFIX_HEADER = YES;
				GCC_PREFIX_HEADER = "april 9/april 9-Prefix.pch";
				INFOPLIST_FILE = "april 9/april 9-Info.plist";
				PRODUCT_NAME = "$(TARGET_NAME)";
				PROVISIONING_PROFILE = "A2328B7D-D6EA-4460-AB66-C00B145F6319";
				WRAPPER_EXTENSION = app;
			};
			name = Release;
		};
		0DFF3B0B18F6314E005E0326 /* Debug */ = {
			isa = XCBuildConfiguration;
			buildSettings = {
				BUNDLE_LOADER = "$(BUILT_PRODUCTS_DIR)/april 9.app/april 9";
				FRAMEWORK_SEARCH_PATHS = (
					"$(SDKROOT)/Developer/Library/Frameworks",
					"$(inherited)",
					"$(DEVELOPER_FRAMEWORKS_DIR)",
				);
				GCC_PRECOMPILE_PREFIX_HEADER = YES;
				GCC_PREFIX_HEADER = "april 9/april 9-Prefix.pch";
				GCC_PREPROCESSOR_DEFINITIONS = (
					"DEBUG=1",
					"$(inherited)",
				);
				INFOPLIST_FILE = "april 9Tests/april 9Tests-Info.plist";
				PRODUCT_NAME = "$(TARGET_NAME)";
				TEST_HOST = "$(BUNDLE_LOADER)";
				WRAPPER_EXTENSION = xctest;
			};
			name = Debug;
		};
		0DFF3B0C18F6314E005E0326 /* Release */ = {
			isa = XCBuildConfiguration;
			buildSettings = {
				BUNDLE_LOADER = "$(BUILT_PRODUCTS_DIR)/april 9.app/april 9";
				FRAMEWORK_SEARCH_PATHS = (
					"$(SDKROOT)/Developer/Library/Frameworks",
					"$(inherited)",
					"$(DEVELOPER_FRAMEWORKS_DIR)",
				);
				GCC_PRECOMPILE_PREFIX_HEADER = YES;
				GCC_PREFIX_HEADER = "april 9/april 9-Prefix.pch";
				INFOPLIST_FILE = "april 9Tests/april 9Tests-Info.plist";
				PRODUCT_NAME = "$(TARGET_NAME)";
				TEST_HOST = "$(BUNDLE_LOADER)";
				WRAPPER_EXTENSION = xctest;
			};
			name = Release;
		};
/* End XCBuildConfiguration section */

/* Begin XCConfigurationList section */
		0DFF3AD018F6314C005E0326 /* Build configuration list for PBXProject "april 9" */ = {
			isa = XCConfigurationList;
			buildConfigurations = (
				0DFF3B0518F6314E005E0326 /* Debug */,
				0DFF3B0618F6314E005E0326 /* Release */,
			);
			defaultConfigurationIsVisible = 0;
			defaultConfigurationName = Release;
		};
		0DFF3B0718F6314E005E0326 /* Build configuration list for PBXNativeTarget "april 9" */ = {
			isa = XCConfigurationList;
			buildConfigurations = (
				0DFF3B0818F6314E005E0326 /* Debug */,
				0DFF3B0918F6314E005E0326 /* Release */,
			);
			defaultConfigurationIsVisible = 0;
			defaultConfigurationName = Release;
		};
		0DFF3B0A18F6314E005E0326 /* Build configuration list for PBXNativeTarget "april 9Tests" */ = {
			isa = XCConfigurationList;
			buildConfigurations = (
				0DFF3B0B18F6314E005E0326 /* Debug */,
				0DFF3B0C18F6314E005E0326 /* Release */,
			);
			defaultConfigurationIsVisible = 0;
			defaultConfigurationName = Release;
		};
/* End XCConfigurationList section */
	};
	rootObject = 0DFF3ACD18F6314C005E0326 /* Project object */;
}
